// !$*UTF8*$!
{
	archiveVersion = 1;
	classes = {
	};
	objectVersion = 55;
	objects = {

/* Begin PBXBuildFile section */
		D8AF93BD28A0ED4C0021A4D1 /* AppDelegate.swift in Sources */ = {isa = PBXBuildFile; fileRef = D8AF93BC28A0ED4C0021A4D1 /* AppDelegate.swift */; };
		D8AF93BF28A0ED4C0021A4D1 /* SceneDelegate.swift in Sources */ = {isa = PBXBuildFile; fileRef = D8AF93BE28A0ED4C0021A4D1 /* SceneDelegate.swift */; };
		D8AF93C128A0ED4C0021A4D1 /* ReviewListViewController.swift in Sources */ = {isa = PBXBuildFile; fileRef = D8AF93C028A0ED4C0021A4D1 /* ReviewListViewController.swift */; };
		D8AF93C628A0ED4D0021A4D1 /* Assets.xcassets in Resources */ = {isa = PBXBuildFile; fileRef = D8AF93C528A0ED4D0021A4D1 /* Assets.xcassets */; };
		D8AF93C928A0ED4D0021A4D1 /* LaunchScreen.storyboard in Resources */ = {isa = PBXBuildFile; fileRef = D8AF93C728A0ED4D0021A4D1 /* LaunchScreen.storyboard */; };
		D8AF93D428A0ED4D0021A4D1 /* BookReviewTests.swift in Sources */ = {isa = PBXBuildFile; fileRef = D8AF93D328A0ED4D0021A4D1 /* BookReviewTests.swift */; };
		D8AF93DE28A0ED4D0021A4D1 /* BookReviewUITests.swift in Sources */ = {isa = PBXBuildFile; fileRef = D8AF93DD28A0ED4D0021A4D1 /* BookReviewUITests.swift */; };
		D8AF93E028A0ED4D0021A4D1 /* BookReviewUITestsLaunchTests.swift in Sources */ = {isa = PBXBuildFile; fileRef = D8AF93DF28A0ED4D0021A4D1 /* BookReviewUITestsLaunchTests.swift */; };
		D8AF93EE28A0EDD30021A4D1 /* SnapKit in Frameworks */ = {isa = PBXBuildFile; productRef = D8AF93ED28A0EDD30021A4D1 /* SnapKit */; };
		D8AF93F128A0EDDE0021A4D1 /* Alamofire in Frameworks */ = {isa = PBXBuildFile; productRef = D8AF93F028A0EDDE0021A4D1 /* Alamofire */; };
		D8AF93F428A0EDEA0021A4D1 /* Kingfisher in Frameworks */ = {isa = PBXBuildFile; productRef = D8AF93F328A0EDEA0021A4D1 /* Kingfisher */; };
		D8AF93F628A0EF150021A4D1 /* ReviewListPresenter.swift in Sources */ = {isa = PBXBuildFile; fileRef = D8AF93F528A0EF150021A4D1 /* ReviewListPresenter.swift */; };
		D8AF93FA28A0F6990021A4D1 /* ReviewWriteViewController.swift in Sources */ = {isa = PBXBuildFile; fileRef = D8AF93F928A0F6990021A4D1 /* ReviewWriteViewController.swift */; };
		D8AF93FD28A0F6B30021A4D1 /* ReviewWritePresenter.swift in Sources */ = {isa = PBXBuildFile; fileRef = D8AF93FC28A0F6B30021A4D1 /* ReviewWritePresenter.swift */; };
		D8AF93FF28A1047D0021A4D1 /* SearchBookViewController.swift in Sources */ = {isa = PBXBuildFile; fileRef = D8AF93FE28A1047D0021A4D1 /* SearchBookViewController.swift */; };
		D8AF940228A104990021A4D1 /* SearchBookPresenter.swift in Sources */ = {isa = PBXBuildFile; fileRef = D8AF940128A104990021A4D1 /* SearchBookPresenter.swift */; };
		D8AF940428A10DBA0021A4D1 /* BookSearchRequestModel.swift in Sources */ = {isa = PBXBuildFile; fileRef = D8AF940328A10DBA0021A4D1 /* BookSearchRequestModel.swift */; };
		D8AF940728A10E350021A4D1 /* BookSearchResponseModel.swift in Sources */ = {isa = PBXBuildFile; fileRef = D8AF940628A10E350021A4D1 /* BookSearchResponseModel.swift */; };
		D8AF940928A10FF10021A4D1 /* Book.swift in Sources */ = {isa = PBXBuildFile; fileRef = D8AF940828A10FF10021A4D1 /* Book.swift */; };
		D8AF940B28A110300021A4D1 /* BookSearchManager.swift in Sources */ = {isa = PBXBuildFile; fileRef = D8AF940A28A110300021A4D1 /* BookSearchManager.swift */; };
/* End PBXBuildFile section */

/* Begin PBXContainerItemProxy section */
		D8AF93D028A0ED4D0021A4D1 /* PBXContainerItemProxy */ = {
			isa = PBXContainerItemProxy;
			containerPortal = D8AF93B128A0ED4B0021A4D1 /* Project object */;
			proxyType = 1;
			remoteGlobalIDString = D8AF93B828A0ED4C0021A4D1;
			remoteInfo = BookReview;
		};
		D8AF93DA28A0ED4D0021A4D1 /* PBXContainerItemProxy */ = {
			isa = PBXContainerItemProxy;
			containerPortal = D8AF93B128A0ED4B0021A4D1 /* Project object */;
			proxyType = 1;
			remoteGlobalIDString = D8AF93B828A0ED4C0021A4D1;
			remoteInfo = BookReview;
		};
/* End PBXContainerItemProxy section */

/* Begin PBXFileReference section */
		D8AF93B928A0ED4C0021A4D1 /* BookReview.app */ = {isa = PBXFileReference; explicitFileType = wrapper.application; includeInIndex = 0; path = BookReview.app; sourceTree = BUILT_PRODUCTS_DIR; };
		D8AF93BC28A0ED4C0021A4D1 /* AppDelegate.swift */ = {isa = PBXFileReference; lastKnownFileType = sourcecode.swift; path = AppDelegate.swift; sourceTree = "<group>"; };
		D8AF93BE28A0ED4C0021A4D1 /* SceneDelegate.swift */ = {isa = PBXFileReference; lastKnownFileType = sourcecode.swift; path = SceneDelegate.swift; sourceTree = "<group>"; };
		D8AF93C028A0ED4C0021A4D1 /* ReviewListViewController.swift */ = {isa = PBXFileReference; lastKnownFileType = sourcecode.swift; path = ReviewListViewController.swift; sourceTree = "<group>"; };
		D8AF93C528A0ED4D0021A4D1 /* Assets.xcassets */ = {isa = PBXFileReference; lastKnownFileType = folder.assetcatalog; path = Assets.xcassets; sourceTree = "<group>"; };
		D8AF93C828A0ED4D0021A4D1 /* Base */ = {isa = PBXFileReference; lastKnownFileType = file.storyboard; name = Base; path = Base.lproj/LaunchScreen.storyboard; sourceTree = "<group>"; };
		D8AF93CA28A0ED4D0021A4D1 /* Info.plist */ = {isa = PBXFileReference; lastKnownFileType = text.plist.xml; path = Info.plist; sourceTree = "<group>"; };
		D8AF93CF28A0ED4D0021A4D1 /* BookReviewTests.xctest */ = {isa = PBXFileReference; explicitFileType = wrapper.cfbundle; includeInIndex = 0; path = BookReviewTests.xctest; sourceTree = BUILT_PRODUCTS_DIR; };
		D8AF93D328A0ED4D0021A4D1 /* BookReviewTests.swift */ = {isa = PBXFileReference; lastKnownFileType = sourcecode.swift; path = BookReviewTests.swift; sourceTree = "<group>"; };
		D8AF93D928A0ED4D0021A4D1 /* BookReviewUITests.xctest */ = {isa = PBXFileReference; explicitFileType = wrapper.cfbundle; includeInIndex = 0; path = BookReviewUITests.xctest; sourceTree = BUILT_PRODUCTS_DIR; };
		D8AF93DD28A0ED4D0021A4D1 /* BookReviewUITests.swift */ = {isa = PBXFileReference; lastKnownFileType = sourcecode.swift; path = BookReviewUITests.swift; sourceTree = "<group>"; };
		D8AF93DF28A0ED4D0021A4D1 /* BookReviewUITestsLaunchTests.swift */ = {isa = PBXFileReference; lastKnownFileType = sourcecode.swift; path = BookReviewUITestsLaunchTests.swift; sourceTree = "<group>"; };
		D8AF93F528A0EF150021A4D1 /* ReviewListPresenter.swift */ = {isa = PBXFileReference; lastKnownFileType = sourcecode.swift; path = ReviewListPresenter.swift; sourceTree = "<group>"; };
		D8AF93F928A0F6990021A4D1 /* ReviewWriteViewController.swift */ = {isa = PBXFileReference; lastKnownFileType = sourcecode.swift; path = ReviewWriteViewController.swift; sourceTree = "<group>"; };
		D8AF93FC28A0F6B30021A4D1 /* ReviewWritePresenter.swift */ = {isa = PBXFileReference; lastKnownFileType = sourcecode.swift; path = ReviewWritePresenter.swift; sourceTree = "<group>"; };
		D8AF93FE28A1047D0021A4D1 /* SearchBookViewController.swift */ = {isa = PBXFileReference; lastKnownFileType = sourcecode.swift; path = SearchBookViewController.swift; sourceTree = "<group>"; };
		D8AF940128A104990021A4D1 /* SearchBookPresenter.swift */ = {isa = PBXFileReference; lastKnownFileType = sourcecode.swift; path = SearchBookPresenter.swift; sourceTree = "<group>"; };
		D8AF940328A10DBA0021A4D1 /* BookSearchRequestModel.swift */ = {isa = PBXFileReference; lastKnownFileType = sourcecode.swift; path = BookSearchRequestModel.swift; sourceTree = "<group>"; };
		D8AF940628A10E350021A4D1 /* BookSearchResponseModel.swift */ = {isa = PBXFileReference; lastKnownFileType = sourcecode.swift; path = BookSearchResponseModel.swift; sourceTree = "<group>"; };
		D8AF940828A10FF10021A4D1 /* Book.swift */ = {isa = PBXFileReference; lastKnownFileType = sourcecode.swift; path = Book.swift; sourceTree = "<group>"; };
		D8AF940A28A110300021A4D1 /* BookSearchManager.swift */ = {isa = PBXFileReference; lastKnownFileType = sourcecode.swift; path = BookSearchManager.swift; sourceTree = "<group>"; };
/* End PBXFileReference section */

/* Begin PBXFrameworksBuildPhase section */
		D8AF93B628A0ED4C0021A4D1 /* Frameworks */ = {
			isa = PBXFrameworksBuildPhase;
			buildActionMask = 2147483647;
			files = (
				D8AF93F428A0EDEA0021A4D1 /* Kingfisher in Frameworks */,
				D8AF93EE28A0EDD30021A4D1 /* SnapKit in Frameworks */,
				D8AF93F128A0EDDE0021A4D1 /* Alamofire in Frameworks */,
			);
			runOnlyForDeploymentPostprocessing = 0;
		};
		D8AF93CC28A0ED4D0021A4D1 /* Frameworks */ = {
			isa = PBXFrameworksBuildPhase;
			buildActionMask = 2147483647;
			files = (
			);
			runOnlyForDeploymentPostprocessing = 0;
		};
		D8AF93D628A0ED4D0021A4D1 /* Frameworks */ = {
			isa = PBXFrameworksBuildPhase;
			buildActionMask = 2147483647;
			files = (
			);
			runOnlyForDeploymentPostprocessing = 0;
		};
/* End PBXFrameworksBuildPhase section */

/* Begin PBXGroup section */
		D8AF93B028A0ED4B0021A4D1 = {
			isa = PBXGroup;
			children = (
				D8AF93BB28A0ED4C0021A4D1 /* BookReview */,
				D8AF93D228A0ED4D0021A4D1 /* BookReviewTests */,
				D8AF93DC28A0ED4D0021A4D1 /* BookReviewUITests */,
				D8AF93BA28A0ED4C0021A4D1 /* Products */,
			);
			sourceTree = "<group>";
		};
		D8AF93BA28A0ED4C0021A4D1 /* Products */ = {
			isa = PBXGroup;
			children = (
				D8AF93B928A0ED4C0021A4D1 /* BookReview.app */,
				D8AF93CF28A0ED4D0021A4D1 /* BookReviewTests.xctest */,
				D8AF93D928A0ED4D0021A4D1 /* BookReviewUITests.xctest */,
			);
			name = Products;
			sourceTree = "<group>";
		};
		D8AF93BB28A0ED4C0021A4D1 /* BookReview */ = {
			isa = PBXGroup;
			children = (
				D8AF93BC28A0ED4C0021A4D1 /* AppDelegate.swift */,
				D8AF93BE28A0ED4C0021A4D1 /* SceneDelegate.swift */,
				D8AF940C28A110360021A4D1 /* Manager */,
				D8AF940528A10E200021A4D1 /* Models */,
				D8AF93F728A0F6720021A4D1 /* Scene */,
				D8AF93C528A0ED4D0021A4D1 /* Assets.xcassets */,
				D8AF93C728A0ED4D0021A4D1 /* LaunchScreen.storyboard */,
				D8AF93CA28A0ED4D0021A4D1 /* Info.plist */,
			);
			path = BookReview;
			sourceTree = "<group>";
		};
		D8AF93D228A0ED4D0021A4D1 /* BookReviewTests */ = {
			isa = PBXGroup;
			children = (
				D8AF93D328A0ED4D0021A4D1 /* BookReviewTests.swift */,
			);
			path = BookReviewTests;
			sourceTree = "<group>";
		};
		D8AF93DC28A0ED4D0021A4D1 /* BookReviewUITests */ = {
			isa = PBXGroup;
			children = (
				D8AF93DD28A0ED4D0021A4D1 /* BookReviewUITests.swift */,
				D8AF93DF28A0ED4D0021A4D1 /* BookReviewUITestsLaunchTests.swift */,
			);
			path = BookReviewUITests;
			sourceTree = "<group>";
		};
		D8AF93F728A0F6720021A4D1 /* Scene */ = {
			isa = PBXGroup;
			children = (
				D8AF93F828A0F6800021A4D1 /* ReviewList */,
				D8AF93FB28A0F6A30021A4D1 /* ReviewWrite */,
				D8AF940028A104820021A4D1 /* Search */,
			);
			path = Scene;
			sourceTree = "<group>";
		};
		D8AF93F828A0F6800021A4D1 /* ReviewList */ = {
			isa = PBXGroup;
			children = (
				D8AF93F528A0EF150021A4D1 /* ReviewListPresenter.swift */,
				D8AF93C028A0ED4C0021A4D1 /* ReviewListViewController.swift */,
			);
			path = ReviewList;
			sourceTree = "<group>";
		};
		D8AF93FB28A0F6A30021A4D1 /* ReviewWrite */ = {
			isa = PBXGroup;
			children = (
				D8AF93F928A0F6990021A4D1 /* ReviewWriteViewController.swift */,
				D8AF93FC28A0F6B30021A4D1 /* ReviewWritePresenter.swift */,
			);
			path = ReviewWrite;
			sourceTree = "<group>";
		};
		D8AF940028A104820021A4D1 /* Search */ = {
			isa = PBXGroup;
			children = (
				D8AF93FE28A1047D0021A4D1 /* SearchBookViewController.swift */,
				D8AF940128A104990021A4D1 /* SearchBookPresenter.swift */,
			);
			path = Search;
			sourceTree = "<group>";
		};
		D8AF940528A10E200021A4D1 /* Models */ = {
			isa = PBXGroup;
			children = (
				D8AF940828A10FF10021A4D1 /* Book.swift */,
				D8AF940328A10DBA0021A4D1 /* BookSearchRequestModel.swift */,
				D8AF940628A10E350021A4D1 /* BookSearchResponseModel.swift */,
			);
			path = Models;
			sourceTree = "<group>";
		};
		D8AF940C28A110360021A4D1 /* Manager */ = {
			isa = PBXGroup;
			children = (
				D8AF940A28A110300021A4D1 /* BookSearchManager.swift */,
			);
			path = Manager;
			sourceTree = "<group>";
		};
/* End PBXGroup section */

/* Begin PBXNativeTarget section */
		D8AF93B828A0ED4C0021A4D1 /* BookReview */ = {
			isa = PBXNativeTarget;
			buildConfigurationList = D8AF93E328A0ED4D0021A4D1 /* Build configuration list for PBXNativeTarget "BookReview" */;
			buildPhases = (
				D8AF93B528A0ED4C0021A4D1 /* Sources */,
				D8AF93B628A0ED4C0021A4D1 /* Frameworks */,
				D8AF93B728A0ED4C0021A4D1 /* Resources */,
			);
			buildRules = (
			);
			dependencies = (
			);
			name = BookReview;
			packageProductDependencies = (
				D8AF93ED28A0EDD30021A4D1 /* SnapKit */,
				D8AF93F028A0EDDE0021A4D1 /* Alamofire */,
				D8AF93F328A0EDEA0021A4D1 /* Kingfisher */,
			);
			productName = BookReview;
			productReference = D8AF93B928A0ED4C0021A4D1 /* BookReview.app */;
			productType = "com.apple.product-type.application";
		};
		D8AF93CE28A0ED4D0021A4D1 /* BookReviewTests */ = {
			isa = PBXNativeTarget;
			buildConfigurationList = D8AF93E628A0ED4D0021A4D1 /* Build configuration list for PBXNativeTarget "BookReviewTests" */;
			buildPhases = (
				D8AF93CB28A0ED4D0021A4D1 /* Sources */,
				D8AF93CC28A0ED4D0021A4D1 /* Frameworks */,
				D8AF93CD28A0ED4D0021A4D1 /* Resources */,
			);
			buildRules = (
			);
			dependencies = (
				D8AF93D128A0ED4D0021A4D1 /* PBXTargetDependency */,
			);
			name = BookReviewTests;
			productName = BookReviewTests;
			productReference = D8AF93CF28A0ED4D0021A4D1 /* BookReviewTests.xctest */;
			productType = "com.apple.product-type.bundle.unit-test";
		};
		D8AF93D828A0ED4D0021A4D1 /* BookReviewUITests */ = {
			isa = PBXNativeTarget;
			buildConfigurationList = D8AF93E928A0ED4D0021A4D1 /* Build configuration list for PBXNativeTarget "BookReviewUITests" */;
			buildPhases = (
				D8AF93D528A0ED4D0021A4D1 /* Sources */,
				D8AF93D628A0ED4D0021A4D1 /* Frameworks */,
				D8AF93D728A0ED4D0021A4D1 /* Resources */,
			);
			buildRules = (
			);
			dependencies = (
				D8AF93DB28A0ED4D0021A4D1 /* PBXTargetDependency */,
			);
			name = BookReviewUITests;
			productName = BookReviewUITests;
			productReference = D8AF93D928A0ED4D0021A4D1 /* BookReviewUITests.xctest */;
			productType = "com.apple.product-type.bundle.ui-testing";
		};
/* End PBXNativeTarget section */

/* Begin PBXProject section */
		D8AF93B128A0ED4B0021A4D1 /* Project object */ = {
			isa = PBXProject;
			attributes = {
				BuildIndependentTargetsInParallel = 1;
				LastSwiftUpdateCheck = 1330;
				LastUpgradeCheck = 1330;
				TargetAttributes = {
					D8AF93B828A0ED4C0021A4D1 = {
						CreatedOnToolsVersion = 13.3.1;
					};
					D8AF93CE28A0ED4D0021A4D1 = {
						CreatedOnToolsVersion = 13.3.1;
						TestTargetID = D8AF93B828A0ED4C0021A4D1;
					};
					D8AF93D828A0ED4D0021A4D1 = {
						CreatedOnToolsVersion = 13.3.1;
						TestTargetID = D8AF93B828A0ED4C0021A4D1;
					};
				};
			};
			buildConfigurationList = D8AF93B428A0ED4B0021A4D1 /* Build configuration list for PBXProject "BookReview" */;
			compatibilityVersion = "Xcode 13.0";
			developmentRegion = en;
			hasScannedForEncodings = 0;
			knownRegions = (
				en,
				Base,
			);
			mainGroup = D8AF93B028A0ED4B0021A4D1;
			packageReferences = (
				D8AF93EC28A0EDD30021A4D1 /* XCRemoteSwiftPackageReference "SnapKit" */,
				D8AF93EF28A0EDDE0021A4D1 /* XCRemoteSwiftPackageReference "Alamofire" */,
				D8AF93F228A0EDEA0021A4D1 /* XCRemoteSwiftPackageReference "Kingfisher" */,
			);
			productRefGroup = D8AF93BA28A0ED4C0021A4D1 /* Products */;
			projectDirPath = "";
			projectRoot = "";
			targets = (
				D8AF93B828A0ED4C0021A4D1 /* BookReview */,
				D8AF93CE28A0ED4D0021A4D1 /* BookReviewTests */,
				D8AF93D828A0ED4D0021A4D1 /* BookReviewUITests */,
			);
		};
/* End PBXProject section */

/* Begin PBXResourcesBuildPhase section */
		D8AF93B728A0ED4C0021A4D1 /* Resources */ = {
			isa = PBXResourcesBuildPhase;
			buildActionMask = 2147483647;
			files = (
				D8AF93C928A0ED4D0021A4D1 /* LaunchScreen.storyboard in Resources */,
				D8AF93C628A0ED4D0021A4D1 /* Assets.xcassets in Resources */,
			);
			runOnlyForDeploymentPostprocessing = 0;
		};
		D8AF93CD28A0ED4D0021A4D1 /* Resources */ = {
			isa = PBXResourcesBuildPhase;
			buildActionMask = 2147483647;
			files = (
			);
			runOnlyForDeploymentPostprocessing = 0;
		};
		D8AF93D728A0ED4D0021A4D1 /* Resources */ = {
			isa = PBXResourcesBuildPhase;
			buildActionMask = 2147483647;
			files = (
			);
			runOnlyForDeploymentPostprocessing = 0;
		};
/* End PBXResourcesBuildPhase section */

/* Begin PBXSourcesBuildPhase section */
		D8AF93B528A0ED4C0021A4D1 /* Sources */ = {
			isa = PBXSourcesBuildPhase;
			buildActionMask = 2147483647;
			files = (
				D8AF93FD28A0F6B30021A4D1 /* ReviewWritePresenter.swift in Sources */,
				D8AF940728A10E350021A4D1 /* BookSearchResponseModel.swift in Sources */,
				D8AF93FF28A1047D0021A4D1 /* SearchBookViewController.swift in Sources */,
				D8AF940928A10FF10021A4D1 /* Book.swift in Sources */,
				D8AF93C128A0ED4C0021A4D1 /* ReviewListViewController.swift in Sources */,
				D8AF93F628A0EF150021A4D1 /* ReviewListPresenter.swift in Sources */,
				D8AF93FA28A0F6990021A4D1 /* ReviewWriteViewController.swift in Sources */,
				D8AF940228A104990021A4D1 /* SearchBookPresenter.swift in Sources */,
				D8AF940428A10DBA0021A4D1 /* BookSearchRequestModel.swift in Sources */,
				D8AF93BD28A0ED4C0021A4D1 /* AppDelegate.swift in Sources */,
				D8AF940B28A110300021A4D1 /* BookSearchManager.swift in Sources */,
				D8AF93BF28A0ED4C0021A4D1 /* SceneDelegate.swift in Sources */,
			);
			runOnlyForDeploymentPostprocessing = 0;
		};
		D8AF93CB28A0ED4D0021A4D1 /* Sources */ = {
			isa = PBXSourcesBuildPhase;
			buildActionMask = 2147483647;
			files = (
				D8AF93D428A0ED4D0021A4D1 /* BookReviewTests.swift in Sources */,
			);
			runOnlyForDeploymentPostprocessing = 0;
		};
		D8AF93D528A0ED4D0021A4D1 /* Sources */ = {
			isa = PBXSourcesBuildPhase;
			buildActionMask = 2147483647;
			files = (
				D8AF93DE28A0ED4D0021A4D1 /* BookReviewUITests.swift in Sources */,
				D8AF93E028A0ED4D0021A4D1 /* BookReviewUITestsLaunchTests.swift in Sources */,
			);
			runOnlyForDeploymentPostprocessing = 0;
		};
/* End PBXSourcesBuildPhase section */

/* Begin PBXTargetDependency section */
		D8AF93D128A0ED4D0021A4D1 /* PBXTargetDependency */ = {
			isa = PBXTargetDependency;
			target = D8AF93B828A0ED4C0021A4D1 /* BookReview */;
			targetProxy = D8AF93D028A0ED4D0021A4D1 /* PBXContainerItemProxy */;
		};
		D8AF93DB28A0ED4D0021A4D1 /* PBXTargetDependency */ = {
			isa = PBXTargetDependency;
			target = D8AF93B828A0ED4C0021A4D1 /* BookReview */;
			targetProxy = D8AF93DA28A0ED4D0021A4D1 /* PBXContainerItemProxy */;
		};
/* End PBXTargetDependency section */

/* Begin PBXVariantGroup section */
		D8AF93C728A0ED4D0021A4D1 /* LaunchScreen.storyboard */ = {
			isa = PBXVariantGroup;
			children = (
				D8AF93C828A0ED4D0021A4D1 /* Base */,
			);
			name = LaunchScreen.storyboard;
			sourceTree = "<group>";
		};
/* End PBXVariantGroup section */

/* Begin XCBuildConfiguration section */
		D8AF93E128A0ED4D0021A4D1 /* Debug */ = {
			isa = XCBuildConfiguration;
			buildSettings = {
				ALWAYS_SEARCH_USER_PATHS = NO;
				CLANG_ANALYZER_NONNULL = YES;
				CLANG_ANALYZER_NUMBER_OBJECT_CONVERSION = YES_AGGRESSIVE;
				CLANG_CXX_LANGUAGE_STANDARD = "gnu++17";
				CLANG_ENABLE_MODULES = YES;
				CLANG_ENABLE_OBJC_ARC = YES;
				CLANG_ENABLE_OBJC_WEAK = YES;
				CLANG_WARN_BLOCK_CAPTURE_AUTORELEASING = YES;
				CLANG_WARN_BOOL_CONVERSION = YES;
				CLANG_WARN_COMMA = YES;
				CLANG_WARN_CONSTANT_CONVERSION = YES;
				CLANG_WARN_DEPRECATED_OBJC_IMPLEMENTATIONS = YES;
				CLANG_WARN_DIRECT_OBJC_ISA_USAGE = YES_ERROR;
				CLANG_WARN_DOCUMENTATION_COMMENTS = YES;
				CLANG_WARN_EMPTY_BODY = YES;
				CLANG_WARN_ENUM_CONVERSION = YES;
				CLANG_WARN_INFINITE_RECURSION = YES;
				CLANG_WARN_INT_CONVERSION = YES;
				CLANG_WARN_NON_LITERAL_NULL_CONVERSION = YES;
				CLANG_WARN_OBJC_IMPLICIT_RETAIN_SELF = YES;
				CLANG_WARN_OBJC_LITERAL_CONVERSION = YES;
				CLANG_WARN_OBJC_ROOT_CLASS = YES_ERROR;
				CLANG_WARN_QUOTED_INCLUDE_IN_FRAMEWORK_HEADER = YES;
				CLANG_WARN_RANGE_LOOP_ANALYSIS = YES;
				CLANG_WARN_STRICT_PROTOTYPES = YES;
				CLANG_WARN_SUSPICIOUS_MOVE = YES;
				CLANG_WARN_UNGUARDED_AVAILABILITY = YES_AGGRESSIVE;
				CLANG_WARN_UNREACHABLE_CODE = YES;
				CLANG_WARN__DUPLICATE_METHOD_MATCH = YES;
				COPY_PHASE_STRIP = NO;
				DEBUG_INFORMATION_FORMAT = dwarf;
				ENABLE_STRICT_OBJC_MSGSEND = YES;
				ENABLE_TESTABILITY = YES;
				GCC_C_LANGUAGE_STANDARD = gnu11;
				GCC_DYNAMIC_NO_PIC = NO;
				GCC_NO_COMMON_BLOCKS = YES;
				GCC_OPTIMIZATION_LEVEL = 0;
				GCC_PREPROCESSOR_DEFINITIONS = (
					"DEBUG=1",
					"$(inherited)",
				);
				GCC_WARN_64_TO_32_BIT_CONVERSION = YES;
				GCC_WARN_ABOUT_RETURN_TYPE = YES_ERROR;
				GCC_WARN_UNDECLARED_SELECTOR = YES;
				GCC_WARN_UNINITIALIZED_AUTOS = YES_AGGRESSIVE;
				GCC_WARN_UNUSED_FUNCTION = YES;
				GCC_WARN_UNUSED_VARIABLE = YES;
				IPHONEOS_DEPLOYMENT_TARGET = 15.4;
				MTL_ENABLE_DEBUG_INFO = INCLUDE_SOURCE;
				MTL_FAST_MATH = YES;
				ONLY_ACTIVE_ARCH = YES;
				SDKROOT = iphoneos;
				SWIFT_ACTIVE_COMPILATION_CONDITIONS = DEBUG;
				SWIFT_OPTIMIZATION_LEVEL = "-Onone";
			};
			name = Debug;
		};
		D8AF93E228A0ED4D0021A4D1 /* Release */ = {
			isa = XCBuildConfiguration;
			buildSettings = {
				ALWAYS_SEARCH_USER_PATHS = NO;
				CLANG_ANALYZER_NONNULL = YES;
				CLANG_ANALYZER_NUMBER_OBJECT_CONVERSION = YES_AGGRESSIVE;
				CLANG_CXX_LANGUAGE_STANDARD = "gnu++17";
				CLANG_ENABLE_MODULES = YES;
				CLANG_ENABLE_OBJC_ARC = YES;
				CLANG_ENABLE_OBJC_WEAK = YES;
				CLANG_WARN_BLOCK_CAPTURE_AUTORELEASING = YES;
				CLANG_WARN_BOOL_CONVERSION = YES;
				CLANG_WARN_COMMA = YES;
				CLANG_WARN_CONSTANT_CONVERSION = YES;
				CLANG_WARN_DEPRECATED_OBJC_IMPLEMENTATIONS = YES;
				CLANG_WARN_DIRECT_OBJC_ISA_USAGE = YES_ERROR;
				CLANG_WARN_DOCUMENTATION_COMMENTS = YES;
				CLANG_WARN_EMPTY_BODY = YES;
				CLANG_WARN_ENUM_CONVERSION = YES;
				CLANG_WARN_INFINITE_RECURSION = YES;
				CLANG_WARN_INT_CONVERSION = YES;
				CLANG_WARN_NON_LITERAL_NULL_CONVERSION = YES;
				CLANG_WARN_OBJC_IMPLICIT_RETAIN_SELF = YES;
				CLANG_WARN_OBJC_LITERAL_CONVERSION = YES;
				CLANG_WARN_OBJC_ROOT_CLASS = YES_ERROR;
				CLANG_WARN_QUOTED_INCLUDE_IN_FRAMEWORK_HEADER = YES;
				CLANG_WARN_RANGE_LOOP_ANALYSIS = YES;
				CLANG_WARN_STRICT_PROTOTYPES = YES;
				CLANG_WARN_SUSPICIOUS_MOVE = YES;
				CLANG_WARN_UNGUARDED_AVAILABILITY = YES_AGGRESSIVE;
				CLANG_WARN_UNREACHABLE_CODE = YES;
				CLANG_WARN__DUPLICATE_METHOD_MATCH = YES;
				COPY_PHASE_STRIP = NO;
				DEBUG_INFORMATION_FORMAT = "dwarf-with-dsym";
				ENABLE_NS_ASSERTIONS = NO;
				ENABLE_STRICT_OBJC_MSGSEND = YES;
				GCC_C_LANGUAGE_STANDARD = gnu11;
				GCC_NO_COMMON_BLOCKS = YES;
				GCC_WARN_64_TO_32_BIT_CONVERSION = YES;
				GCC_WARN_ABOUT_RETURN_TYPE = YES_ERROR;
				GCC_WARN_UNDECLARED_SELECTOR = YES;
				GCC_WARN_UNINITIALIZED_AUTOS = YES_AGGRESSIVE;
				GCC_WARN_UNUSED_FUNCTION = YES;
				GCC_WARN_UNUSED_VARIABLE = YES;
				IPHONEOS_DEPLOYMENT_TARGET = 15.4;
				MTL_ENABLE_DEBUG_INFO = NO;
				MTL_FAST_MATH = YES;
				SDKROOT = iphoneos;
				SWIFT_COMPILATION_MODE = wholemodule;
				SWIFT_OPTIMIZATION_LEVEL = "-O";
				VALIDATE_PRODUCT = YES;
			};
			name = Release;
		};
		D8AF93E428A0ED4D0021A4D1 /* Debug */ = {
			isa = XCBuildConfiguration;
			buildSettings = {
				ASSETCATALOG_COMPILER_APPICON_NAME = AppIcon;
				ASSETCATALOG_COMPILER_GLOBAL_ACCENT_COLOR_NAME = AccentColor;
				CODE_SIGN_STYLE = Automatic;
				CURRENT_PROJECT_VERSION = 1;
				GENERATE_INFOPLIST_FILE = YES;
				INFOPLIST_FILE = BookReview/Info.plist;
				INFOPLIST_KEY_UIApplicationSupportsIndirectInputEvents = YES;
				INFOPLIST_KEY_UILaunchStoryboardName = LaunchScreen;
				INFOPLIST_KEY_UISupportedInterfaceOrientations_iPad = "UIInterfaceOrientationPortrait UIInterfaceOrientationPortraitUpsideDown UIInterfaceOrientationLandscapeLeft UIInterfaceOrientationLandscapeRight";
				INFOPLIST_KEY_UISupportedInterfaceOrientations_iPhone = "UIInterfaceOrientationPortrait UIInterfaceOrientationLandscapeLeft UIInterfaceOrientationLandscapeRight";
				LD_RUNPATH_SEARCH_PATHS = (
					"$(inherited)",
					"@executable_path/Frameworks",
				);
				MARKETING_VERSION = 1.0;
				PRODUCT_BUNDLE_IDENTIFIER = com.medium.raralabs.BookReview;
				PRODUCT_NAME = "$(TARGET_NAME)";
				SWIFT_EMIT_LOC_STRINGS = YES;
				SWIFT_VERSION = 5.0;
				TARGETED_DEVICE_FAMILY = "1,2";
			};
			name = Debug;
		};
		D8AF93E528A0ED4D0021A4D1 /* Release */ = {
			isa = XCBuildConfiguration;
			buildSettings = {
				ASSETCATALOG_COMPILER_APPICON_NAME = AppIcon;
				ASSETCATALOG_COMPILER_GLOBAL_ACCENT_COLOR_NAME = AccentColor;
				CODE_SIGN_STYLE = Automatic;
				CURRENT_PROJECT_VERSION = 1;
				GENERATE_INFOPLIST_FILE = YES;
				INFOPLIST_FILE = BookReview/Info.plist;
				INFOPLIST_KEY_UIApplicationSupportsIndirectInputEvents = YES;
				INFOPLIST_KEY_UILaunchStoryboardName = LaunchScreen;
				INFOPLIST_KEY_UISupportedInterfaceOrientations_iPad = "UIInterfaceOrientationPortrait UIInterfaceOrientationPortraitUpsideDown UIInterfaceOrientationLandscapeLeft UIInterfaceOrientationLandscapeRight";
				INFOPLIST_KEY_UISupportedInterfaceOrientations_iPhone = "UIInterfaceOrientationPortrait UIInterfaceOrientationLandscapeLeft UIInterfaceOrientationLandscapeRight";
				LD_RUNPATH_SEARCH_PATHS = (
					"$(inherited)",
					"@executable_path/Frameworks",
				);
				MARKETING_VERSION = 1.0;
				PRODUCT_BUNDLE_IDENTIFIER = com.medium.raralabs.BookReview;
				PRODUCT_NAME = "$(TARGET_NAME)";
				SWIFT_EMIT_LOC_STRINGS = YES;
				SWIFT_VERSION = 5.0;
				TARGETED_DEVICE_FAMILY = "1,2";
			};
			name = Release;
		};
		D8AF93E728A0ED4D0021A4D1 /* Debug */ = {
			isa = XCBuildConfiguration;
			buildSettings = {
				ALWAYS_EMBED_SWIFT_STANDARD_LIBRARIES = YES;
				BUNDLE_LOADER = "$(TEST_HOST)";
				CODE_SIGN_STYLE = Automatic;
				CURRENT_PROJECT_VERSION = 1;
				GENERATE_INFOPLIST_FILE = YES;
				IPHONEOS_DEPLOYMENT_TARGET = 15.4;
				MARKETING_VERSION = 1.0;
				PRODUCT_BUNDLE_IDENTIFIER = com.medium.raralabs.BookReviewTests;
				PRODUCT_NAME = "$(TARGET_NAME)";
				SWIFT_EMIT_LOC_STRINGS = NO;
				SWIFT_VERSION = 5.0;
				TARGETED_DEVICE_FAMILY = "1,2";
				TEST_HOST = "$(BUILT_PRODUCTS_DIR)/BookReview.app/BookReview";
			};
			name = Debug;
		};
		D8AF93E828A0ED4D0021A4D1 /* Release */ = {
			isa = XCBuildConfiguration;
			buildSettings = {
				ALWAYS_EMBED_SWIFT_STANDARD_LIBRARIES = YES;
				BUNDLE_LOADER = "$(TEST_HOST)";
				CODE_SIGN_STYLE = Automatic;
				CURRENT_PROJECT_VERSION = 1;
				GENERATE_INFOPLIST_FILE = YES;
				IPHONEOS_DEPLOYMENT_TARGET = 15.4;
				MARKETING_VERSION = 1.0;
				PRODUCT_BUNDLE_IDENTIFIER = com.medium.raralabs.BookReviewTests;
				PRODUCT_NAME = "$(TARGET_NAME)";
				SWIFT_EMIT_LOC_STRINGS = NO;
				SWIFT_VERSION = 5.0;
				TARGETED_DEVICE_FAMILY = "1,2";
				TEST_HOST = "$(BUILT_PRODUCTS_DIR)/BookReview.app/BookReview";
			};
			name = Release;
		};
		D8AF93EA28A0ED4D0021A4D1 /* Debug */ = {
			isa = XCBuildConfiguration;
			buildSettings = {
				ALWAYS_EMBED_SWIFT_STANDARD_LIBRARIES = YES;
				CODE_SIGN_STYLE = Automatic;
				CURRENT_PROJECT_VERSION = 1;
				GENERATE_INFOPLIST_FILE = YES;
				MARKETING_VERSION = 1.0;
				PRODUCT_BUNDLE_IDENTIFIER = com.medium.raralabs.BookReviewUITests;
				PRODUCT_NAME = "$(TARGET_NAME)";
				SWIFT_EMIT_LOC_STRINGS = NO;
				SWIFT_VERSION = 5.0;
				TARGETED_DEVICE_FAMILY = "1,2";
				TEST_TARGET_NAME = BookReview;
			};
			name = Debug;
		};
		D8AF93EB28A0ED4D0021A4D1 /* Release */ = {
			isa = XCBuildConfiguration;
			buildSettings = {
				ALWAYS_EMBED_SWIFT_STANDARD_LIBRARIES = YES;
				CODE_SIGN_STYLE = Automatic;
				CURRENT_PROJECT_VERSION = 1;
				GENERATE_INFOPLIST_FILE = YES;
				MARKETING_VERSION = 1.0;
				PRODUCT_BUNDLE_IDENTIFIER = com.medium.raralabs.BookReviewUITests;
				PRODUCT_NAME = "$(TARGET_NAME)";
				SWIFT_EMIT_LOC_STRINGS = NO;
				SWIFT_VERSION = 5.0;
				TARGETED_DEVICE_FAMILY = "1,2";
				TEST_TARGET_NAME = BookReview;
			};
			name = Release;
		};
/* End XCBuildConfiguration section */

/* Begin XCConfigurationList section */
		D8AF93B428A0ED4B0021A4D1 /* Build configuration list for PBXProject "BookReview" */ = {
			isa = XCConfigurationList;
			buildConfigurations = (
				D8AF93E128A0ED4D0021A4D1 /* Debug */,
				D8AF93E228A0ED4D0021A4D1 /* Release */,
			);
			defaultConfigurationIsVisible = 0;
			defaultConfigurationName = Release;
		};
		D8AF93E328A0ED4D0021A4D1 /* Build configuration list for PBXNativeTarget "BookReview" */ = {
			isa = XCConfigurationList;
			buildConfigurations = (
				D8AF93E428A0ED4D0021A4D1 /* Debug */,
				D8AF93E528A0ED4D0021A4D1 /* Release */,
			);
			defaultConfigurationIsVisible = 0;
			defaultConfigurationName = Release;
		};
		D8AF93E628A0ED4D0021A4D1 /* Build configuration list for PBXNativeTarget "BookReviewTests" */ = {
			isa = XCConfigurationList;
			buildConfigurations = (
				D8AF93E728A0ED4D0021A4D1 /* Debug */,
				D8AF93E828A0ED4D0021A4D1 /* Release */,
			);
			defaultConfigurationIsVisible = 0;
			defaultConfigurationName = Release;
		};
		D8AF93E928A0ED4D0021A4D1 /* Build configuration list for PBXNativeTarget "BookReviewUITests" */ = {
			isa = XCConfigurationList;
			buildConfigurations = (
				D8AF93EA28A0ED4D0021A4D1 /* Debug */,
				D8AF93EB28A0ED4D0021A4D1 /* Release */,
			);
			defaultConfigurationIsVisible = 0;
			defaultConfigurationName = Release;
		};
/* End XCConfigurationList section */

/* Begin XCRemoteSwiftPackageReference section */
		D8AF93EC28A0EDD30021A4D1 /* XCRemoteSwiftPackageReference "SnapKit" */ = {
			isa = XCRemoteSwiftPackageReference;
			repositoryURL = "https://github.com/SnapKit/SnapKit.git";
			requirement = {
				kind = upToNextMajorVersion;
				minimumVersion = 5.0.0;
			};
		};
		D8AF93EF28A0EDDE0021A4D1 /* XCRemoteSwiftPackageReference "Alamofire" */ = {
			isa = XCRemoteSwiftPackageReference;
			repositoryURL = "https://github.com/Alamofire/Alamofire.git";
			requirement = {
				branch = master;
				kind = branch;
			};
		};
		D8AF93F228A0EDEA0021A4D1 /* XCRemoteSwiftPackageReference "Kingfisher" */ = {
			isa = XCRemoteSwiftPackageReference;
			repositoryURL = "https://github.com/onevcat/Kingfisher.git";
			requirement = {
				branch = master;
				kind = branch;
			};
		};
/* End XCRemoteSwiftPackageReference section */

/* Begin XCSwiftPackageProductDependency section */
		D8AF93ED28A0EDD30021A4D1 /* SnapKit */ = {
			isa = XCSwiftPackageProductDependency;
			package = D8AF93EC28A0EDD30021A4D1 /* XCRemoteSwiftPackageReference "SnapKit" */;
			productName = SnapKit;
		};
		D8AF93F028A0EDDE0021A4D1 /* Alamofire */ = {
			isa = XCSwiftPackageProductDependency;
			package = D8AF93EF28A0EDDE0021A4D1 /* XCRemoteSwiftPackageReference "Alamofire" */;
			productName = Alamofire;
		};
		D8AF93F328A0EDEA0021A4D1 /* Kingfisher */ = {
			isa = XCSwiftPackageProductDependency;
			package = D8AF93F228A0EDEA0021A4D1 /* XCRemoteSwiftPackageReference "Kingfisher" */;
			productName = Kingfisher;
		};
/* End XCSwiftPackageProductDependency section */
	};
	rootObject = D8AF93B128A0ED4B0021A4D1 /* Project object */;
}
